// !$*UTF8*$!
{
	archiveVersion = 1;
	classes = {
	};
	objectVersion = 46;
	objects = {

/* Begin PBXBuildFile section */
		D532B2AD1AFBDE53004C4F43 /* main.m in Sources */ = {isa = PBXBuildFile; fileRef = D532B2AC1AFBDE53004C4F43 /* main.m */; };
		D532B2BD1AFBE210004C4F43 /* Patient.m in Sources */ = {isa = PBXBuildFile; fileRef = D532B2BC1AFBE210004C4F43 /* Patient.m */; };
		D532B2C01AFBE21D004C4F43 /* Doctor.m in Sources */ = {isa = PBXBuildFile; fileRef = D532B2BF1AFBE21D004C4F43 /* Doctor.m */; };
		D532B2C91AFC1F04004C4F43 /* Prescription.m in Sources */ = {isa = PBXBuildFile; fileRef = D532B2C81AFC1F04004C4F43 /* Prescription.m */; };
/* End PBXBuildFile section */

/* Begin PBXCopyFilesBuildPhase section */
		D532B2A71AFBDE53004C4F43 /* CopyFiles */ = {
			isa = PBXCopyFilesBuildPhase;
			buildActionMask = 2147483647;
			dstPath = /usr/share/man/man1/;
			dstSubfolderSpec = 0;
			files = (
			);
			runOnlyForDeploymentPostprocessing = 1;
		};
/* End PBXCopyFilesBuildPhase section */

/* Begin PBXFileReference section */
		D532B2A91AFBDE53004C4F43 /* Patient_&_Doctor_w1d4 */ = {isa = PBXFileReference; explicitFileType = "compiled.mach-o.executable"; includeInIndex = 0; path = "Patient_&_Doctor_w1d4"; sourceTree = BUILT_PRODUCTS_DIR; };
		D532B2AC1AFBDE53004C4F43 /* main.m */ = {isa = PBXFileReference; lastKnownFileType = sourcecode.c.objc; path = main.m; sourceTree = "<group>"; };
		D532B2BB1AFBE210004C4F43 /* Patient.h */ = {isa = PBXFileReference; fileEncoding = 4; lastKnownFileType = sourcecode.c.h; path = Patient.h; sourceTree = "<group>"; };
		D532B2BC1AFBE210004C4F43 /* Patient.m */ = {isa = PBXFileReference; fileEncoding = 4; lastKnownFileType = sourcecode.c.objc; path = Patient.m; sourceTree = "<group>"; };
		D532B2BE1AFBE21D004C4F43 /* Doctor.h */ = {isa = PBXFileReference; fileEncoding = 4; lastKnownFileType = sourcecode.c.h; path = Doctor.h; sourceTree = "<group>"; };
		D532B2BF1AFBE21D004C4F43 /* Doctor.m */ = {isa = PBXFileReference; fileEncoding = 4; lastKnownFileType = sourcecode.c.objc; path = Doctor.m; sourceTree = "<group>"; };
		D532B2C71AFC1F04004C4F43 /* Prescription.h */ = {isa = PBXFileReference; fileEncoding = 4; lastKnownFileType = sourcecode.c.h; path = Prescription.h; sourceTree = "<group>"; };
		D532B2C81AFC1F04004C4F43 /* Prescription.m */ = {isa = PBXFileReference; fileEncoding = 4; lastKnownFileType = sourcecode.c.objc; path = Prescription.m; sourceTree = "<group>"; };
/* End PBXFileReference section */

/* Begin PBXFrameworksBuildPhase section */
		D532B2A61AFBDE53004C4F43 /* Frameworks */ = {
			isa = PBXFrameworksBuildPhase;
			buildActionMask = 2147483647;
			files = (
			);
			runOnlyForDeploymentPostprocessing = 0;
		};
/* End PBXFrameworksBuildPhase section */

/* Begin PBXGroup section */
		D532B2A01AFBDE53004C4F43 = {
			isa = PBXGroup;
			children = (
				D532B2AB1AFBDE53004C4F43 /* Patient_&_Doctor_w1d4 */,
				D532B2AA1AFBDE53004C4F43 /* Products */,
			);
			sourceTree = "<group>";
		};
		D532B2AA1AFBDE53004C4F43 /* Products */ = {
			isa = PBXGroup;
			children = (
				D532B2A91AFBDE53004C4F43 /* Patient_&_Doctor_w1d4 */,
			);
			name = Products;
			sourceTree = "<group>";
		};
		D532B2AB1AFBDE53004C4F43 /* Patient_&_Doctor_w1d4 */ = {
			isa = PBXGroup;
			children = (
				D532B2AC1AFBDE53004C4F43 /* main.m */,
				D532B2BE1AFBE21D004C4F43 /* Doctor.h */,
				D532B2BF1AFBE21D004C4F43 /* Doctor.m */,
				D532B2BB1AFBE210004C4F43 /* Patient.h */,
				D532B2BC1AFBE210004C4F43 /* Patient.m */,
				D532B2C71AFC1F04004C4F43 /* Prescription.h */,
				D532B2C81AFC1F04004C4F43 /* Prescription.m */,
			);
			path = "Patient_&_Doctor_w1d4";
			sourceTree = "<group>";
		};
/* End PBXGroup section */

/* Begin PBXNativeTarget section */
		D532B2A81AFBDE53004C4F43 /* Patient_&_Doctor_w1d4 */ = {
			isa = PBXNativeTarget;
			buildConfigurationList = D532B2B01AFBDE53004C4F43 /* Build configuration list for PBXNativeTarget "Patient_&_Doctor_w1d4" */;
			buildPhases = (
				D532B2A51AFBDE53004C4F43 /* Sources */,
				D532B2A61AFBDE53004C4F43 /* Frameworks */,
				D532B2A71AFBDE53004C4F43 /* CopyFiles */,
			);
			buildRules = (
			);
			dependencies = (
			);
			name = "Patient_&_Doctor_w1d4";
			productName = "Patient_&_Doctor_w1d4";
			productReference = D532B2A91AFBDE53004C4F43 /* Patient_&_Doctor_w1d4 */;
			productType = "com.apple.product-type.tool";
		};
/* End PBXNativeTarget section */

/* Begin PBXProject section */
		D532B2A11AFBDE53004C4F43 /* Project object */ = {
			isa = PBXProject;
			attributes = {
				LastUpgradeCheck = 0630;
				ORGANIZATIONNAME = "Sunny Surdhar";
				TargetAttributes = {
					D532B2A81AFBDE53004C4F43 = {
						CreatedOnToolsVersion = 6.3.1;
					};
				};
			};
			buildConfigurationList = D532B2A41AFBDE53004C4F43 /* Build configuration list for PBXProject "Patient_&_Doctor_w1d4" */;
			compatibilityVersion = "Xcode 3.2";
			developmentRegion = English;
			hasScannedForEncodings = 0;
			knownRegions = (
				en,
			);
			mainGroup = D532B2A01AFBDE53004C4F43;
			productRefGroup = D532B2AA1AFBDE53004C4F43 /* Products */;
			projectDirPath = "";
			projectRoot = "";
			targets = (
				D532B2A81AFBDE53004C4F43 /* Patient_&_Doctor_w1d4 */,
			);
		};
/* End PBXProject section */

/* Begin PBXSourcesBuildPhase section */
		D532B2A51AFBDE53004C4F43 /* Sources */ = {
			isa = PBXSourcesBuildPhase;
			buildActionMask = 2147483647;
			files = (
				D532B2AD1AFBDE53004C4F43 /* main.m in Sources */,
				D532B2BD1AFBE210004C4F43 /* Patient.m in Sources */,
				D532B2C01AFBE21D004C4F43 /* Doctor.m in Sources */,
				D532B2C91AFC1F04004C4F43 /* Prescription.m in Sources */,
			);
			runOnlyForDeploymentPostprocessing = 0;
		};
/* End PBXSourcesBuildPhase section */

/* Begin XCBuildConfiguration section */
		D532B2AE1AFBDE53004C4F43 /* Debug */ = {
			isa = XCBuildConfiguration;
			buildSettings = {
				ALWAYS_SEARCH_USER_PATHS = NO;
				CLANG_CXX_LANGUAGE_STANDARD = "gnu++0x";
				CLANG_CXX_LIBRARY = "libc++";
				CLANG_ENABLE_MODULES = YES;
				CLANG_ENABLE_OBJC_ARC = YES;
				CLANG_WARN_BOOL_CONVERSION = YES;
				CLANG_WARN_CONSTANT_CONVERSION = YES;
				CLANG_WARN_DIRECT_OBJC_ISA_USAGE = YES_ERROR;
				CLANG_WARN_EMPTY_BODY = YES;
				CLANG_WARN_ENUM_CONVERSION = YES;
				CLANG_WARN_INT_CONVERSION = YES;
				CLANG_WARN_OBJC_ROOT_CLASS = YES_ERROR;
				CLANG_WARN_UNREACHABLE_CODE = YES;
				CLANG_WARN__DUPLICATE_METHOD_MATCH = YES;
				COPY_PHASE_STRIP = NO;
				DEBUG_INFORMATION_FORMAT = dwarf;
				ENABLE_STRICT_OBJC_MSGSEND = YES;
				GCC_C_LANGUAGE_STANDARD = gnu99;
				GCC_DYNAMIC_NO_PIC = NO;
				GCC_NO_COMMON_BLOCKS = YES;
				GCC_OPTIMIZATION_LEVEL = 0;
				GCC_PREPROCESSOR_DEFINITIONS = (
					"DEBUG=1",
					"$(inherited)",
				);
				GCC_SYMBOLS_PRIVATE_EXTERN = NO;
				GCC_WARN_64_TO_32_BIT_CONVERSION = YES;
				GCC_WARN_ABOUT_RETURN_TYPE = YES_ERROR;
				GCC_WARN_UNDECLARED_SELECTOR = YES;
				GCC_WARN_UNINITIALIZED_AUTOS = YES_AGGRESSIVE;
				GCC_WARN_UNUSED_FUNCTION = YES;
				GCC_WARN_UNUSED_VARIABLE = YES;
				MACOSX_DEPLOYMENT_TARGET = 10.10;
				MTL_ENABLE_DEBUG_INFO = YES;
				ONLY_ACTIVE_ARCH = YES;
				SDKROOT = macosx;
			};
			name = Debug;
		};
		D532B2AF1AFBDE53004C4F43 /* Release */ = {
			isa = XCBuildConfiguration;
			buildSettings = {
				ALWAYS_SEARCH_USER_PATHS = NO;
				CLANG_CXX_LANGUAGE_STANDARD = "gnu++0x";
				CLANG_CXX_LIBRARY = "libc++";
				CLANG_ENABLE_MODULES = YES;
				CLANG_ENABLE_OBJC_ARC = YES;
				CLANG_WARN_BOOL_CONVERSION = YES;
				CLANG_WARN_CONSTANT_CONVERSION = YES;
				CLANG_WARN_DIRECT_OBJC_ISA_USAGE = YES_ERROR;
				CLANG_WARN_EMPTY_BODY = YES;
				CLANG_WARN_ENUM_CONVERSION = YES;
				CLANG_WARN_INT_CONVERSION = YES;
				CLANG_WARN_OBJC_ROOT_CLASS = YES_ERROR;
				CLANG_WARN_UNREACHABLE_CODE = YES;
				CLANG_WARN__DUPLICATE_METHOD_MATCH = YES;
				COPY_PHASE_STRIP = NO;
				DEBUG_INFORMATION_FORMAT = "dwarf-with-dsym";
				ENABLE_NS_ASSERTIONS = NO;
				ENABLE_STRICT_OBJC_MSGSEND = YES;
				GCC_C_LANGUAGE_STANDARD = gnu99;
				GCC_NO_COMMON_BLOCKS = YES;
				GCC_WARN_64_TO_32_BIT_CONVERSION = YES;
				GCC_WARN_ABOUT_RETURN_TYPE = YES_ERROR;
				GCC_WARN_UNDECLARED_SELECTOR = YES;
				GCC_WARN_UNINITIALIZED_AUTOS = YES_AGGRESSIVE;
				GCC_WARN_UNUSED_FUNCTION = YES;
				GCC_WARN_UNUSED_VARIABLE = YES;
				MACOSX_DEPLOYMENT_TARGET = 10.10;
				MTL_ENABLE_DEBUG_INFO = NO;
				SDKROOT = macosx;
			};
			name = Release;
		};
		D532B2B11AFBDE53004C4F43 /* Debug */ = {
			isa = XCBuildConfiguration;
			buildSettings = {
				PRODUCT_NAME = "$(TARGET_NAME)";
			};
			name = Debug;
		};
		D532B2B21AFBDE53004C4F43 /* Release */ = {
			isa = XCBuildConfiguration;
			buildSettings = {
				PRODUCT_NAME = "$(TARGET_NAME)";
			};
			name = Release;
		};
/* End XCBuildConfiguration section */

/* Begin XCConfigurationList section */
		D532B2A41AFBDE53004C4F43 /* Build configuration list for PBXProject "Patient_&_Doctor_w1d4" */ = {
			isa = XCConfigurationList;
			buildConfigurations = (
				D532B2AE1AFBDE53004C4F43 /* Debug */,
				D532B2AF1AFBDE53004C4F43 /* Release */,
			);
			defaultConfigurationIsVisible = 0;
			defaultConfigurationName = Release;
		};
		D532B2B01AFBDE53004C4F43 /* Build configuration list for PBXNativeTarget "Patient_&_Doctor_w1d4" */ = {
			isa = XCConfigurationList;
			buildConfigurations = (
				D532B2B11AFBDE53004C4F43 /* Debug */,
				D532B2B21AFBDE53004C4F43 /* Release */,
			);
			defaultConfigurationIsVisible = 0;
		};
/* End XCConfigurationList section */
	};
	rootObject = D532B2A11AFBDE53004C4F43 /* Project object */;
}
